
Microsoft Visual Studio Solution File, Format Version 12.00
# Visual Studio 15
VisualStudioVersion = 15.0.27428.2015
MinimumVisualStudioVersion = 10.0.40219.1
Project("{FAE04EC0-301F-11D3-BF4B-00C04F79EFBC}") = "Lab40", "Lab40\Lab40.csproj", "{281FADB4-0557-4956-83D8-F799F182803A}"
EndProject
Global
	GlobalSection(SolutionConfigurationPlatforms) = preSolution
		Debug|Any CPU = Debug|Any CPU
		Release|Any CPU = Release|Any CPU
	EndGlobalSection
	GlobalSection(ProjectConfigurationPlatforms) = postSolution
		{281FADB4-0557-4956-83D8-F799F182803A}.Debug|Any CPU.ActiveCfg = Debug|Any CPU
		{281FADB4-0557-4956-83D8-F799F182803A}.Debug|Any CPU.Build.0 = Debug|Any CPU
		{281FADB4-0557-4956-83D8-F799F182803A}.Release|Any CPU.ActiveCfg = Release|Any CPU
		{281FADB4-0557-4956-83D8-F799F182803A}.Release|Any CPU.Build.0 = Release|Any CPU
	EndGlobalSection
	GlobalSection(SolutionProperties) = preSolution
		HideSolutionNode = FALSE
	EndGlobalSection
	GlobalSection(ExtensibilityGlobals) = postSolution
		SolutionGuid = {BBC581F8-FC12-4908-9CD4-528E50526A69}
	EndGlobalSection
EndGlobal
